{
  "version": 4,
  "terraform_version": "1.2.5",
  "serial": 10,
  "lineage": "4077662b-6698-2a2b-e2bd-73b5fbc4fad0",
  "outputs": {
    "Public_IP_Address": {
      "value": "35.228.201.208",
      "type": "string"
    }
  },
  "resources": [
    {
      "mode": "data",
      "type": "google_compute_network",
      "name": "default",
      "provider": "provider[\"registry.terraform.io/hashicorp/google\"]",
      "instances": [
        {
          "schema_version": 0,
          "attributes": {
            "description": "Default network for the project",
            "gateway_ipv4": "",
            "id": "projects/serious-citron-378115/global/networks/default",
            "name": "default",
            "project": null,
            "self_link": "https://www.googleapis.com/compute/v1/projects/serious-citron-378115/global/networks/default",
            "subnetworks_self_links": [
              "https://www.googleapis.com/compute/v1/projects/serious-citron-378115/regions/me-central1/subnetworks/default",
              "https://www.googleapis.com/compute/v1/projects/serious-citron-378115/regions/asia-northeast3/subnetworks/default",
              "https://www.googleapis.com/compute/v1/projects/serious-citron-378115/regions/asia-southeast2/subnetworks/default",
              "https://www.googleapis.com/compute/v1/projects/serious-citron-378115/regions/europe-southwest1/subnetworks/default",
              "https://www.googleapis.com/compute/v1/projects/serious-citron-378115/regions/australia-southeast2/subnetworks/default",
              "https://www.googleapis.com/compute/v1/projects/serious-citron-378115/regions/europe-west2/subnetworks/default",
              "https://www.googleapis.com/compute/v1/projects/serious-citron-378115/regions/northamerica-northeast2/subnetworks/default",
              "https://www.googleapis.com/compute/v1/projects/serious-citron-378115/regions/europe-central2/subnetworks/default",
              "https://www.googleapis.com/compute/v1/projects/serious-citron-378115/regions/us-west2/subnetworks/default",
              "https://www.googleapis.com/compute/v1/projects/serious-citron-378115/regions/europe-west8/subnetworks/default",
              "https://www.googleapis.com/compute/v1/projects/serious-citron-378115/regions/us-west4/subnetworks/default",
              "https://www.googleapis.com/compute/v1/projects/serious-citron-378115/regions/europe-west12/subnetworks/default",
              "https://www.googleapis.com/compute/v1/projects/serious-citron-378115/regions/us-west3/subnetworks/default",
              "https://www.googleapis.com/compute/v1/projects/serious-citron-378115/regions/asia-south2/subnetworks/default",
              "https://www.googleapis.com/compute/v1/projects/serious-citron-378115/regions/us-central1/subnetworks/default",
              "https://www.googleapis.com/compute/v1/projects/serious-citron-378115/regions/us-east5/subnetworks/default",
              "https://www.googleapis.com/compute/v1/projects/serious-citron-378115/regions/us-west1/subnetworks/default",
              "https://www.googleapis.com/compute/v1/projects/serious-citron-378115/regions/us-east7/subnetworks/default",
              "https://www.googleapis.com/compute/v1/projects/serious-citron-378115/regions/asia-east2/subnetworks/default",
              "https://www.googleapis.com/compute/v1/projects/serious-citron-378115/regions/asia-northeast1/subnetworks/default",
              "https://www.googleapis.com/compute/v1/projects/serious-citron-378115/regions/asia-east1/subnetworks/default",
              "https://www.googleapis.com/compute/v1/projects/serious-citron-378115/regions/asia-northeast2/subnetworks/default",
              "https://www.googleapis.com/compute/v1/projects/serious-citron-378115/regions/southamerica-west1/subnetworks/default",
              "https://www.googleapis.com/compute/v1/projects/serious-citron-378115/regions/europe-west6/subnetworks/default",
              "https://www.googleapis.com/compute/v1/projects/serious-citron-378115/regions/asia-southeast1/subnetworks/default",
              "https://www.googleapis.com/compute/v1/projects/serious-citron-378115/regions/us-east4/subnetworks/default",
              "https://www.googleapis.com/compute/v1/projects/serious-citron-378115/regions/europe-west9/subnetworks/default",
              "https://www.googleapis.com/compute/v1/projects/serious-citron-378115/regions/asia-south1/subnetworks/default",
              "https://www.googleapis.com/compute/v1/projects/serious-citron-378115/regions/me-west1/subnetworks/default",
              "https://www.googleapis.com/compute/v1/projects/serious-citron-378115/regions/northamerica-northeast1/subnetworks/default",
              "https://www.googleapis.com/compute/v1/projects/serious-citron-378115/regions/us-east1/subnetworks/default",
              "https://www.googleapis.com/compute/v1/projects/serious-citron-378115/regions/europe-north1/subnetworks/default",
              "https://www.googleapis.com/compute/v1/projects/serious-citron-378115/regions/europe-west1/subnetworks/default",
              "https://www.googleapis.com/compute/v1/projects/serious-citron-378115/regions/europe-west3/subnetworks/default",
              "https://www.googleapis.com/compute/v1/projects/serious-citron-378115/regions/europe-west4/subnetworks/default",
              "https://www.googleapis.com/compute/v1/projects/serious-citron-378115/regions/southamerica-east1/subnetworks/default",
              "https://www.googleapis.com/compute/v1/projects/serious-citron-378115/regions/us-south1/subnetworks/default",
              "https://www.googleapis.com/compute/v1/projects/serious-citron-378115/regions/australia-southeast1/subnetworks/default"
            ]
          },
          "sensitive_attributes": []
        }
      ]
    },
    {
      "mode": "managed",
      "type": "google_compute_firewall",
      "name": "http-8081",
      "provider": "provider[\"registry.terraform.io/hashicorp/google\"]",
      "instances": [
        {
          "schema_version": 1,
          "attributes": {
            "allow": [
              {
                "ports": [
                  "8081"
                ],
                "protocol": "tcp"
              }
            ],
            "creation_timestamp": "2023-02-19T07:48:02.120-08:00",
            "deny": [],
            "description": "",
            "destination_ranges": [],
            "direction": "INGRESS",
            "disabled": false,
            "enable_logging": null,
            "id": "projects/serious-citron-378115/global/firewalls/http-8081",
            "log_config": [],
            "name": "http-8081",
            "network": "https://www.googleapis.com/compute/v1/projects/serious-citron-378115/global/networks/default",
            "priority": 1000,
            "project": "serious-citron-378115",
            "self_link": "https://www.googleapis.com/compute/v1/projects/serious-citron-378115/global/firewalls/http-8081",
            "source_ranges": [
              "0.0.0.0/0"
            ],
            "source_service_accounts": [],
            "source_tags": [],
            "target_service_accounts": [],
            "target_tags": [],
            "timeouts": null
          },
          "sensitive_attributes": [],
          "private": "eyJlMmJmYjczMC1lY2FhLTExZTYtOGY4OC0zNDM2M2JjN2M0YzAiOnsiY3JlYXRlIjoxMjAwMDAwMDAwMDAwLCJkZWxldGUiOjEyMDAwMDAwMDAwMDAsInVwZGF0ZSI6MTIwMDAwMDAwMDAwMH0sInNjaGVtYV92ZXJzaW9uIjoiMSJ9",
          "dependencies": [
            "data.google_compute_network.default"
          ]
        }
      ]
    },
    {
      "mode": "managed",
      "type": "google_compute_instance",
      "name": "getdummy",
      "provider": "provider[\"registry.terraform.io/hashicorp/google\"]",
      "instances": [
        {
          "schema_version": 6,
          "attributes": {
            "advanced_machine_features": [],
            "allow_stopping_for_update": null,
            "attached_disk": [],
            "boot_disk": [
              {
                "auto_delete": true,
                "device_name": "persistent-disk-0",
                "disk_encryption_key_raw": "",
                "disk_encryption_key_sha256": "",
                "initialize_params": [
                  {
                    "image": "https://www.googleapis.com/compute/v1/projects/cos-cloud/global/images/cos-stable-69-10895-62-0",
                    "labels": {},
                    "size": 10,
                    "type": "pd-standard"
                  }
                ],
                "kms_key_self_link": "",
                "mode": "READ_WRITE",
                "source": "https://www.googleapis.com/compute/v1/projects/serious-citron-378115/zones/europe-north1-b/disks/getdummy"
              }
            ],
            "can_ip_forward": false,
            "confidential_instance_config": [],
            "cpu_platform": "Intel Skylake",
            "current_status": "RUNNING",
            "deletion_protection": false,
            "description": "",
            "desired_status": null,
            "enable_display": false,
            "guest_accelerator": [],
            "hostname": "",
            "id": "projects/serious-citron-378115/zones/europe-north1-b/instances/getdummy",
            "instance_id": "6416514051993500610",
            "label_fingerprint": "eS2ddV1la1A=",
            "labels": {
              "container-vm": "cos-stable-69-10895-62-0"
            },
            "machine_type": "g1-small",
            "metadata": {
              "gce-container-declaration": "spec:\n  containers:\n    - name: test-docker\n      image: 'pant7/get-dummypdf'\n      stdin: false\n      tty: false\n  restartPolicy: Always\n"
            },
            "metadata_fingerprint": "rQcYSq_2vxs=",
            "metadata_startup_script": null,
            "min_cpu_platform": "",
            "name": "getdummy",
            "network_interface": [
              {
                "access_config": [
                  {
                    "nat_ip": "35.228.201.208",
                    "network_tier": "PREMIUM",
                    "public_ptr_domain_name": ""
                  }
                ],
                "alias_ip_range": [],
                "ipv6_access_config": [],
                "ipv6_access_type": "",
                "name": "nic0",
                "network": "https://www.googleapis.com/compute/v1/projects/serious-citron-378115/global/networks/default",
                "network_ip": "10.166.0.11",
                "nic_type": "",
                "queue_count": 0,
                "stack_type": "IPV4_ONLY",
                "subnetwork": "https://www.googleapis.com/compute/v1/projects/serious-citron-378115/regions/europe-north1/subnetworks/default",
                "subnetwork_project": "serious-citron-378115"
              }
            ],
            "project": "serious-citron-378115",
            "reservation_affinity": [],
            "resource_policies": null,
            "scheduling": [
              {
                "automatic_restart": true,
                "instance_termination_action": "",
                "min_node_cpus": 0,
                "node_affinities": [],
                "on_host_maintenance": "MIGRATE",
                "preemptible": false,
                "provisioning_model": "STANDARD"
              }
            ],
            "scratch_disk": [],
            "self_link": "https://www.googleapis.com/compute/v1/projects/serious-citron-378115/zones/europe-north1-b/instances/getdummy",
            "service_account": [],
            "shielded_instance_config": [],
            "tags": [
              "getdummy",
              "name"
            ],
            "tags_fingerprint": "NDibyyEVvds=",
            "timeouts": null,
            "zone": "europe-north1-b"
          },
          "sensitive_attributes": [],
          "private": "eyJlMmJmYjczMC1lY2FhLTExZTYtOGY4OC0zNDM2M2JjN2M0YzAiOnsiY3JlYXRlIjoxMjAwMDAwMDAwMDAwLCJkZWxldGUiOjEyMDAwMDAwMDAwMDAsInVwZGF0ZSI6MTIwMDAwMDAwMDAwMH0sInNjaGVtYV92ZXJzaW9uIjoiNiJ9"
        }
      ]
    }
  ]
}
